
Microsoft Visual Studio Solution File, Format Version 12.00
# Visual Studio Version 16
VisualStudioVersion = 16.0.29215.179
MinimumVisualStudioVersion = 10.0.40219.1
Project("{FAE04EC0-301F-11D3-BF4B-00C04F79EFBC}") = "PlaneRadar.App", "PlaneRadar.App\PlaneRadar.App.csproj", "{C7E16AC1-113E-4552-8220-3C3CA7017B2A}"
EndProject
Project("{FAE04EC0-301F-11D3-BF4B-00C04F79EFBC}") = "PlaneRadar.Library", "PlaneRadar.Library\PlaneRadar.Library.csproj", "{51A11EBB-369E-46D3-9CCE-9D60F36D5ED5}"
EndProject
Global
	GlobalSection(SolutionConfigurationPlatforms) = preSolution
		Debug|Any CPU = Debug|Any CPU
		Release|Any CPU = Release|Any CPU
	EndGlobalSection
	GlobalSection(ProjectConfigurationPlatforms) = postSolution
		{C7E16AC1-113E-4552-8220-3C3CA7017B2A}.Debug|Any CPU.ActiveCfg = Debug|Any CPU
		{C7E16AC1-113E-4552-8220-3C3CA7017B2A}.Debug|Any CPU.Build.0 = Debug|Any CPU
		{C7E16AC1-113E-4552-8220-3C3CA7017B2A}.Release|Any CPU.ActiveCfg = Release|Any CPU
		{C7E16AC1-113E-4552-8220-3C3CA7017B2A}.Release|Any CPU.Build.0 = Release|Any CPU
		{51A11EBB-369E-46D3-9CCE-9D60F36D5ED5}.Debug|Any CPU.ActiveCfg = Debug|Any CPU
		{51A11EBB-369E-46D3-9CCE-9D60F36D5ED5}.Debug|Any CPU.Build.0 = Debug|Any CPU
		{51A11EBB-369E-46D3-9CCE-9D60F36D5ED5}.Release|Any CPU.ActiveCfg = Release|Any CPU
		{51A11EBB-369E-46D3-9CCE-9D60F36D5ED5}.Release|Any CPU.Build.0 = Release|Any CPU
	EndGlobalSection
	GlobalSection(SolutionProperties) = preSolution
		HideSolutionNode = FALSE
	EndGlobalSection
	GlobalSection(ExtensibilityGlobals) = postSolution
		SolutionGuid = {B329EDB5-30C4-4BEC-A1B4-050E703D9E72}
	EndGlobalSection
EndGlobal
